
Microsoft Visual Studio Solution File, Format Version 12.00
# Visual Studio Version 17
VisualStudioVersion = 17.9.34723.18
MinimumVisualStudioVersion = 10.0.40219.1
Project("{9A19103F-16F7-4668-BE54-9A1E7A4F7556}") = "GeometryShape", "GeometryShape.csproj", "{C7606E49-B38A-44C2-A94C-FB4A6DBA3A96}"
EndProject
Project("{9A19103F-16F7-4668-BE54-9A1E7A4F7556}") = "ShapeTest", "..\ShapeTest\ShapeTest.csproj", "{C4D9C02C-02A7-4775-B510-CDE007DBF520}"
EndProject
Global
	GlobalSection(SolutionConfigurationPlatforms) = preSolution
		Debug|Any CPU = Debug|Any CPU
		Release|Any CPU = Release|Any CPU
	EndGlobalSection
	GlobalSection(ProjectConfigurationPlatforms) = postSolution
		{C7606E49-B38A-44C2-A94C-FB4A6DBA3A96}.Debug|Any CPU.ActiveCfg = Debug|Any CPU
		{C7606E49-B38A-44C2-A94C-FB4A6DBA3A96}.Debug|Any CPU.Build.0 = Debug|Any CPU
		{C7606E49-B38A-44C2-A94C-FB4A6DBA3A96}.Release|Any CPU.ActiveCfg = Release|Any CPU
		{C7606E49-B38A-44C2-A94C-FB4A6DBA3A96}.Release|Any CPU.Build.0 = Release|Any CPU
		{C4D9C02C-02A7-4775-B510-CDE007DBF520}.Debug|Any CPU.ActiveCfg = Debug|Any CPU
		{C4D9C02C-02A7-4775-B510-CDE007DBF520}.Debug|Any CPU.Build.0 = Debug|Any CPU
		{C4D9C02C-02A7-4775-B510-CDE007DBF520}.Release|Any CPU.ActiveCfg = Release|Any CPU
		{C4D9C02C-02A7-4775-B510-CDE007DBF520}.Release|Any CPU.Build.0 = Release|Any CPU
	EndGlobalSection
	GlobalSection(SolutionProperties) = preSolution
		HideSolutionNode = FALSE
	EndGlobalSection
	GlobalSection(ExtensibilityGlobals) = postSolution
		SolutionGuid = {A93AB863-9B50-4BCE-B376-FF0756D4039F}
	EndGlobalSection
EndGlobal
